// !$*UTF8*$!
{
	archiveVersion = 1;
	classes = {
	};
	objectVersion = 46;
	objects = {

/* Begin PBXBuildFile section */
		819E5BA11D2C5CF7009E568A /* AppDelegate.swift in Sources */ = {isa = PBXBuildFile; fileRef = 819E5BA01D2C5CF7009E568A /* AppDelegate.swift */; };
		819E5BA31D2C5CF7009E568A /* ViewController.swift in Sources */ = {isa = PBXBuildFile; fileRef = 819E5BA21D2C5CF7009E568A /* ViewController.swift */; };
		819E5BA81D2C5CF7009E568A /* Assets.xcassets in Resources */ = {isa = PBXBuildFile; fileRef = 819E5BA71D2C5CF7009E568A /* Assets.xcassets */; };
		819E5BAB1D2C5CF7009E568A /* LaunchScreen.storyboard in Resources */ = {isa = PBXBuildFile; fileRef = 819E5BA91D2C5CF7009E568A /* LaunchScreen.storyboard */; };
		819E5BB31D2C5D49009E568A /* APConstraints.swift in Sources */ = {isa = PBXBuildFile; fileRef = 819E5BB21D2C5D49009E568A /* APConstraints.swift */; };
		819E5BB61D2C5D7E009E568A /* View.swift in Sources */ = {isa = PBXBuildFile; fileRef = 819E5BB51D2C5D7E009E568A /* View.swift */; };
		819E5BB81D2C5DE3009E568A /* InputCharacter.swift in Sources */ = {isa = PBXBuildFile; fileRef = 819E5BB71D2C5DE3009E568A /* InputCharacter.swift */; };
		819E5BBA1D2C8136009E568A /* InputLabel.swift in Sources */ = {isa = PBXBuildFile; fileRef = 819E5BB91D2C8136009E568A /* InputLabel.swift */; };
		81D882831D2D5CB800118D01 /* SeparatorCharacter.swift in Sources */ = {isa = PBXBuildFile; fileRef = 81D882821D2D5CB800118D01 /* SeparatorCharacter.swift */; };
/* End PBXBuildFile section */

/* Begin PBXFileReference section */
		819E5B9D1D2C5CF7009E568A /* JNInputLabel.app */ = {isa = PBXFileReference; explicitFileType = wrapper.application; includeInIndex = 0; path = JNInputLabel.app; sourceTree = BUILT_PRODUCTS_DIR; };
		819E5BA01D2C5CF7009E568A /* AppDelegate.swift */ = {isa = PBXFileReference; lastKnownFileType = sourcecode.swift; path = AppDelegate.swift; sourceTree = "<group>"; };
		819E5BA21D2C5CF7009E568A /* ViewController.swift */ = {isa = PBXFileReference; lastKnownFileType = sourcecode.swift; path = ViewController.swift; sourceTree = "<group>"; };
		819E5BA71D2C5CF7009E568A /* Assets.xcassets */ = {isa = PBXFileReference; lastKnownFileType = folder.assetcatalog; path = Assets.xcassets; sourceTree = "<group>"; };
		819E5BAA1D2C5CF7009E568A /* Base */ = {isa = PBXFileReference; lastKnownFileType = file.storyboard; name = Base; path = Base.lproj/LaunchScreen.storyboard; sourceTree = "<group>"; };
		819E5BAC1D2C5CF7009E568A /* Info.plist */ = {isa = PBXFileReference; lastKnownFileType = text.plist.xml; path = Info.plist; sourceTree = "<group>"; };
		819E5BB21D2C5D49009E568A /* APConstraints.swift */ = {isa = PBXFileReference; fileEncoding = 4; lastKnownFileType = sourcecode.swift; path = APConstraints.swift; sourceTree = "<group>"; };
		819E5BB51D2C5D7E009E568A /* View.swift */ = {isa = PBXFileReference; fileEncoding = 4; lastKnownFileType = sourcecode.swift; path = View.swift; sourceTree = "<group>"; };
		819E5BB71D2C5DE3009E568A /* InputCharacter.swift */ = {isa = PBXFileReference; fileEncoding = 4; lastKnownFileType = sourcecode.swift; path = InputCharacter.swift; sourceTree = "<group>"; };
		819E5BB91D2C8136009E568A /* InputLabel.swift */ = {isa = PBXFileReference; fileEncoding = 4; lastKnownFileType = sourcecode.swift; path = InputLabel.swift; sourceTree = "<group>"; };
		81D882821D2D5CB800118D01 /* SeparatorCharacter.swift */ = {isa = PBXFileReference; fileEncoding = 4; lastKnownFileType = sourcecode.swift; path = SeparatorCharacter.swift; sourceTree = "<group>"; };
/* End PBXFileReference section */

/* Begin PBXFrameworksBuildPhase section */
		819E5B9A1D2C5CF7009E568A /* Frameworks */ = {
			isa = PBXFrameworksBuildPhase;
			buildActionMask = 2147483647;
			files = (
			);
			runOnlyForDeploymentPostprocessing = 0;
		};
/* End PBXFrameworksBuildPhase section */

/* Begin PBXGroup section */
		819E5B941D2C5CF7009E568A = {
			isa = PBXGroup;
			children = (
				819E5B9F1D2C5CF7009E568A /* JNInputLabel */,
				819E5B9E1D2C5CF7009E568A /* Products */,
			);
			sourceTree = "<group>";
		};
		819E5B9E1D2C5CF7009E568A /* Products */ = {
			isa = PBXGroup;
			children = (
				819E5B9D1D2C5CF7009E568A /* JNInputLabel.app */,
			);
			name = Products;
			sourceTree = "<group>";
		};
		819E5B9F1D2C5CF7009E568A /* JNInputLabel */ = {
			isa = PBXGroup;
			children = (
				819E5BA01D2C5CF7009E568A /* AppDelegate.swift */,
				819E5BA21D2C5CF7009E568A /* ViewController.swift */,
				819E5BB51D2C5D7E009E568A /* View.swift */,
				819E5BB91D2C8136009E568A /* InputLabel.swift */,
				819E5BB71D2C5DE3009E568A /* InputCharacter.swift */,
				81D882821D2D5CB800118D01 /* SeparatorCharacter.swift */,
				819E5BB41D2C5D65009E568A /* Utilities */,
				819E5BA71D2C5CF7009E568A /* Assets.xcassets */,
				819E5BA91D2C5CF7009E568A /* LaunchScreen.storyboard */,
				819E5BAC1D2C5CF7009E568A /* Info.plist */,
			);
			path = JNInputLabel;
			sourceTree = "<group>";
		};
		819E5BB41D2C5D65009E568A /* Utilities */ = {
			isa = PBXGroup;
			children = (
				819E5BB21D2C5D49009E568A /* APConstraints.swift */,
			);
			name = Utilities;
			sourceTree = "<group>";
		};
/* End PBXGroup section */

/* Begin PBXNativeTarget section */
		819E5B9C1D2C5CF7009E568A /* JNInputLabel */ = {
			isa = PBXNativeTarget;
			buildConfigurationList = 819E5BAF1D2C5CF7009E568A /* Build configuration list for PBXNativeTarget "JNInputLabel" */;
			buildPhases = (
				819E5B991D2C5CF7009E568A /* Sources */,
				819E5B9A1D2C5CF7009E568A /* Frameworks */,
				819E5B9B1D2C5CF7009E568A /* Resources */,
			);
			buildRules = (
			);
			dependencies = (
			);
			name = JNInputLabel;
			productName = JNInputLabel;
			productReference = 819E5B9D1D2C5CF7009E568A /* JNInputLabel.app */;
			productType = "com.apple.product-type.application";
		};
/* End PBXNativeTarget section */

/* Begin PBXProject section */
		819E5B951D2C5CF7009E568A /* Project object */ = {
			isa = PBXProject;
			attributes = {
				LastSwiftUpdateCheck = 0730;
				LastUpgradeCheck = 0730;
				ORGANIZATIONNAME = "Joey Nelson";
				TargetAttributes = {
					819E5B9C1D2C5CF7009E568A = {
						CreatedOnToolsVersion = 7.3;
						DevelopmentTeam = 2RF92UCMKX;
					};
				};
			};
			buildConfigurationList = 819E5B981D2C5CF7009E568A /* Build configuration list for PBXProject "JNInputLabel" */;
			compatibilityVersion = "Xcode 3.2";
			developmentRegion = English;
			hasScannedForEncodings = 0;
			knownRegions = (
				en,
				Base,
			);
			mainGroup = 819E5B941D2C5CF7009E568A;
			productRefGroup = 819E5B9E1D2C5CF7009E568A /* Products */;
			projectDirPath = "";
			projectRoot = "";
			targets = (
				819E5B9C1D2C5CF7009E568A /* JNInputLabel */,
			);
		};
/* End PBXProject section */

/* Begin PBXResourcesBuildPhase section */
		819E5B9B1D2C5CF7009E568A /* Resources */ = {
			isa = PBXResourcesBuildPhase;
			buildActionMask = 2147483647;
			files = (
				819E5BAB1D2C5CF7009E568A /* LaunchScreen.storyboard in Resources */,
				819E5BA81D2C5CF7009E568A /* Assets.xcassets in Resources */,
			);
			runOnlyForDeploymentPostprocessing = 0;
		};
/* End PBXResourcesBuildPhase section */

/* Begin PBXSourcesBuildPhase section */
		819E5B991D2C5CF7009E568A /* Sources */ = {
			isa = PBXSourcesBuildPhase;
			buildActionMask = 2147483647;
			files = (
				819E5BB61D2C5D7E009E568A /* View.swift in Sources */,
				819E5BBA1D2C8136009E568A /* InputLabel.swift in Sources */,
				819E5BB81D2C5DE3009E568A /* InputCharacter.swift in Sources */,
				81D882831D2D5CB800118D01 /* SeparatorCharacter.swift in Sources */,
				819E5BB31D2C5D49009E568A /* APConstraints.swift in Sources */,
				819E5BA31D2C5CF7009E568A /* ViewController.swift in Sources */,
				819E5BA11D2C5CF7009E568A /* AppDelegate.swift in Sources */,
			);
			runOnlyForDeploymentPostprocessing = 0;
		};
/* End PBXSourcesBuildPhase section */

/* Begin PBXVariantGroup section */
		819E5BA91D2C5CF7009E568A /* LaunchScreen.storyboard */ = {
			isa = PBXVariantGroup;
			children = (
				819E5BAA1D2C5CF7009E568A /* Base */,
			);
			name = LaunchScreen.storyboard;
			sourceTree = "<group>";
		};
/* End PBXVariantGroup section */

/* Begin XCBuildConfiguration section */
		819E5BAD1D2C5CF7009E568A /* Debug */ = {
			isa = XCBuildConfiguration;
			buildSettings = {
				ALWAYS_SEARCH_USER_PATHS = NO;
				CLANG_ANALYZER_NONNULL = YES;
				CLANG_CXX_LANGUAGE_STANDARD = "gnu++0x";
				CLANG_CXX_LIBRARY = "libc++";
				CLANG_ENABLE_MODULES = YES;
				CLANG_ENABLE_OBJC_ARC = YES;
				CLANG_WARN_BOOL_CONVERSION = YES;
				CLANG_WARN_CONSTANT_CONVERSION = YES;
				CLANG_WARN_DIRECT_OBJC_ISA_USAGE = YES_ERROR;
				CLANG_WARN_EMPTY_BODY = YES;
				CLANG_WARN_ENUM_CONVERSION = YES;
				CLANG_WARN_INT_CONVERSION = YES;
				CLANG_WARN_OBJC_ROOT_CLASS = YES_ERROR;
				CLANG_WARN_UNREACHABLE_CODE = YES;
				CLANG_WARN__DUPLICATE_METHOD_MATCH = YES;
				"CODE_SIGN_IDENTITY[sdk=iphoneos*]" = "iPhone Developer";
				COPY_PHASE_STRIP = NO;
				DEBUG_INFORMATION_FORMAT = dwarf;
				ENABLE_STRICT_OBJC_MSGSEND = YES;
				ENABLE_TESTABILITY = YES;
				GCC_C_LANGUAGE_STANDARD = gnu99;
				GCC_DYNAMIC_NO_PIC = NO;
				GCC_NO_COMMON_BLOCKS = YES;
				GCC_OPTIMIZATION_LEVEL = 0;
				GCC_PREPROCESSOR_DEFINITIONS = (
					"DEBUG=1",
					"$(inherited)",
				);
				GCC_WARN_64_TO_32_BIT_CONVERSION = YES;
				GCC_WARN_ABOUT_RETURN_TYPE = YES_ERROR;
				GCC_WARN_UNDECLARED_SELECTOR = YES;
				GCC_WARN_UNINITIALIZED_AUTOS = YES_AGGRESSIVE;
				GCC_WARN_UNUSED_FUNCTION = YES;
				GCC_WARN_UNUSED_VARIABLE = YES;
				IPHONEOS_DEPLOYMENT_TARGET = 9.3;
				MTL_ENABLE_DEBUG_INFO = YES;
				ONLY_ACTIVE_ARCH = YES;
				SDKROOT = iphoneos;
				SWIFT_OPTIMIZATION_LEVEL = "-Onone";
				TARGETED_DEVICE_FAMILY = "1,2";
			};
			name = Debug;
		};
		819E5BAE1D2C5CF7009E568A /* Release */ = {
			isa = XCBuildConfiguration;
			buildSettings = {
				ALWAYS_SEARCH_USER_PATHS = NO;
				CLANG_ANALYZER_NONNULL = YES;
				CLANG_CXX_LANGUAGE_STANDARD = "gnu++0x";
				CLANG_CXX_LIBRARY = "libc++";
				CLANG_ENABLE_MODULES = YES;
				CLANG_ENABLE_OBJC_ARC = YES;
				CLANG_WARN_BOOL_CONVERSION = YES;
				CLANG_WARN_CONSTANT_CONVERSION = YES;
				CLANG_WARN_DIRECT_OBJC_ISA_USAGE = YES_ERROR;
				CLANG_WARN_EMPTY_BODY = YES;
				CLANG_WARN_ENUM_CONVERSION = YES;
				CLANG_WARN_INT_CONVERSION = YES;
				CLANG_WARN_OBJC_ROOT_CLASS = YES_ERROR;
				CLANG_WARN_UNREACHABLE_CODE = YES;
				CLANG_WARN__DUPLICATE_METHOD_MATCH = YES;
				"CODE_SIGN_IDENTITY[sdk=iphoneos*]" = "iPhone Developer";
				COPY_PHASE_STRIP = NO;
				DEBUG_INFORMATION_FORMAT = "dwarf-with-dsym";
				ENABLE_NS_ASSERTIONS = NO;
				ENABLE_STRICT_OBJC_MSGSEND = YES;
				GCC_C_LANGUAGE_STANDARD = gnu99;
				GCC_NO_COMMON_BLOCKS = YES;
				GCC_WARN_64_TO_32_BIT_CONVERSION = YES;
				GCC_WARN_ABOUT_RETURN_TYPE = YES_ERROR;
				GCC_WARN_UNDECLARED_SELECTOR = YES;
				GCC_WARN_UNINITIALIZED_AUTOS = YES_AGGRESSIVE;
				GCC_WARN_UNUSED_FUNCTION = YES;
				GCC_WARN_UNUSED_VARIABLE = YES;
				IPHONEOS_DEPLOYMENT_TARGET = 9.3;
				MTL_ENABLE_DEBUG_INFO = NO;
				SDKROOT = iphoneos;
				TARGETED_DEVICE_FAMILY = "1,2";
				VALIDATE_PRODUCT = YES;
			};
			name = Release;
		};
		819E5BB01D2C5CF7009E568A /* Debug */ = {
			isa = XCBuildConfiguration;
			buildSettings = {
				ASSETCATALOG_COMPILER_APPICON_NAME = AppIcon;
				CODE_SIGN_IDENTITY = "iPhone Developer";
				INFOPLIST_FILE = JNInputLabel/Info.plist;
				LD_RUNPATH_SEARCH_PATHS = "$(inherited) @executable_path/Frameworks";
				PRODUCT_BUNDLE_IDENTIFIER = JoeyNelson.JNInputLabel;
				PRODUCT_NAME = "$(TARGET_NAME)";
			};
			name = Debug;
		};
		819E5BB11D2C5CF7009E568A /* Release */ = {
			isa = XCBuildConfiguration;
			buildSettings = {
				ASSETCATALOG_COMPILER_APPICON_NAME = AppIcon;
				CODE_SIGN_IDENTITY = "iPhone Developer";
				INFOPLIST_FILE = JNInputLabel/Info.plist;
				LD_RUNPATH_SEARCH_PATHS = "$(inherited) @executable_path/Frameworks";
				PRODUCT_BUNDLE_IDENTIFIER = JoeyNelson.JNInputLabel;
				PRODUCT_NAME = "$(TARGET_NAME)";
			};
			name = Release;
		};
/* End XCBuildConfiguration section */

/* Begin XCConfigurationList section */
		819E5B981D2C5CF7009E568A /* Build configuration list for PBXProject "JNInputLabel" */ = {
			isa = XCConfigurationList;
			buildConfigurations = (
				819E5BAD1D2C5CF7009E568A /* Debug */,
				819E5BAE1D2C5CF7009E568A /* Release */,
			);
			defaultConfigurationIsVisible = 0;
			defaultConfigurationName = Release;
		};
		819E5BAF1D2C5CF7009E568A /* Build configuration list for PBXNativeTarget "JNInputLabel" */ = {
			isa = XCConfigurationList;
			buildConfigurations = (
				819E5BB01D2C5CF7009E568A /* Debug */,
				819E5BB11D2C5CF7009E568A /* Release */,
			);
			defaultConfigurationIsVisible = 0;
			defaultConfigurationName = Release;
		};
/* End XCConfigurationList section */
	};
	rootObject = 819E5B951D2C5CF7009E568A /* Project object */;
}
